// !$*UTF8*$!
{
	archiveVersion = 1;
	classes = {
	};
	objectVersion = 56;
	objects = {

/* Begin PBXBuildFile section */
		3D06DEE02AEB36CA00741C54 /* AppDelegate.swift in Sources */ = {isa = PBXBuildFile; fileRef = 3D06DEDF2AEB36CA00741C54 /* AppDelegate.swift */; };
		3D06DEE22AEB36CA00741C54 /* SceneDelegate.swift in Sources */ = {isa = PBXBuildFile; fileRef = 3D06DEE12AEB36CA00741C54 /* SceneDelegate.swift */; };
		3D06DEE42AEB36CA00741C54 /* WeightCalculatorVC.swift in Sources */ = {isa = PBXBuildFile; fileRef = 3D06DEE32AEB36CA00741C54 /* WeightCalculatorVC.swift */; };
		3D06DEE72AEB36CA00741C54 /* Main.storyboard in Resources */ = {isa = PBXBuildFile; fileRef = 3D06DEE52AEB36CA00741C54 /* Main.storyboard */; };
		3D06DEE92AEB36CB00741C54 /* Assets.xcassets in Resources */ = {isa = PBXBuildFile; fileRef = 3D06DEE82AEB36CB00741C54 /* Assets.xcassets */; };
		3D06DEEC2AEB36CB00741C54 /* LaunchScreen.storyboard in Resources */ = {isa = PBXBuildFile; fileRef = 3D06DEEA2AEB36CB00741C54 /* LaunchScreen.storyboard */; };
		3D06DEF72AEB36CB00741C54 /* AnumoluWeightOnOtherPlanetsTests.swift in Sources */ = {isa = PBXBuildFile; fileRef = 3D06DEF62AEB36CB00741C54 /* AnumoluWeightOnOtherPlanetsTests.swift */; };
		3D06DF012AEB36CB00741C54 /* AnumoluWeightOnOtherPlanetsUITests.swift in Sources */ = {isa = PBXBuildFile; fileRef = 3D06DF002AEB36CB00741C54 /* AnumoluWeightOnOtherPlanetsUITests.swift */; };
		3D06DF032AEB36CB00741C54 /* AnumoluWeightOnOtherPlanetsUITestsLaunchTests.swift in Sources */ = {isa = PBXBuildFile; fileRef = 3D06DF022AEB36CB00741C54 /* AnumoluWeightOnOtherPlanetsUITestsLaunchTests.swift */; };
/* End PBXBuildFile section */

/* Begin PBXContainerItemProxy section */
		3D06DEF32AEB36CB00741C54 /* PBXContainerItemProxy */ = {
			isa = PBXContainerItemProxy;
			containerPortal = 3D06DED42AEB36CA00741C54 /* Project object */;
			proxyType = 1;
			remoteGlobalIDString = 3D06DEDB2AEB36CA00741C54;
			remoteInfo = AnumoluWeightOnOtherPlanets;
		};
		3D06DEFD2AEB36CB00741C54 /* PBXContainerItemProxy */ = {
			isa = PBXContainerItemProxy;
			containerPortal = 3D06DED42AEB36CA00741C54 /* Project object */;
			proxyType = 1;
			remoteGlobalIDString = 3D06DEDB2AEB36CA00741C54;
			remoteInfo = AnumoluWeightOnOtherPlanets;
		};
/* End PBXContainerItemProxy section */

/* Begin PBXFileReference section */
		3D06DEDC2AEB36CA00741C54 /* AnumoluWeightOnOtherPlanets.app */ = {isa = PBXFileReference; explicitFileType = wrapper.application; includeInIndex = 0; path = AnumoluWeightOnOtherPlanets.app; sourceTree = BUILT_PRODUCTS_DIR; };
		3D06DEDF2AEB36CA00741C54 /* AppDelegate.swift */ = {isa = PBXFileReference; lastKnownFileType = sourcecode.swift; path = AppDelegate.swift; sourceTree = "<group>"; };
		3D06DEE12AEB36CA00741C54 /* SceneDelegate.swift */ = {isa = PBXFileReference; lastKnownFileType = sourcecode.swift; path = SceneDelegate.swift; sourceTree = "<group>"; };
		3D06DEE32AEB36CA00741C54 /* WeightCalculatorVC.swift */ = {isa = PBXFileReference; lastKnownFileType = sourcecode.swift; path = WeightCalculatorVC.swift; sourceTree = "<group>"; };
		3D06DEE62AEB36CA00741C54 /* Base */ = {isa = PBXFileReference; lastKnownFileType = file.storyboard; name = Base; path = Base.lproj/Main.storyboard; sourceTree = "<group>"; };
		3D06DEE82AEB36CB00741C54 /* Assets.xcassets */ = {isa = PBXFileReference; lastKnownFileType = folder.assetcatalog; path = Assets.xcassets; sourceTree = "<group>"; };
		3D06DEEB2AEB36CB00741C54 /* Base */ = {isa = PBXFileReference; lastKnownFileType = file.storyboard; name = Base; path = Base.lproj/LaunchScreen.storyboard; sourceTree = "<group>"; };
		3D06DEED2AEB36CB00741C54 /* Info.plist */ = {isa = PBXFileReference; lastKnownFileType = text.plist.xml; path = Info.plist; sourceTree = "<group>"; };
		3D06DEF22AEB36CB00741C54 /* AnumoluWeightOnOtherPlanetsTests.xctest */ = {isa = PBXFileReference; explicitFileType = wrapper.cfbundle; includeInIndex = 0; path = AnumoluWeightOnOtherPlanetsTests.xctest; sourceTree = BUILT_PRODUCTS_DIR; };
		3D06DEF62AEB36CB00741C54 /* AnumoluWeightOnOtherPlanetsTests.swift */ = {isa = PBXFileReference; lastKnownFileType = sourcecode.swift; path = AnumoluWeightOnOtherPlanetsTests.swift; sourceTree = "<group>"; };
		3D06DEFC2AEB36CB00741C54 /* AnumoluWeightOnOtherPlanetsUITests.xctest */ = {isa = PBXFileReference; explicitFileType = wrapper.cfbundle; includeInIndex = 0; path = AnumoluWeightOnOtherPlanetsUITests.xctest; sourceTree = BUILT_PRODUCTS_DIR; };
		3D06DF002AEB36CB00741C54 /* AnumoluWeightOnOtherPlanetsUITests.swift */ = {isa = PBXFileReference; lastKnownFileType = sourcecode.swift; path = AnumoluWeightOnOtherPlanetsUITests.swift; sourceTree = "<group>"; };
		3D06DF022AEB36CB00741C54 /* AnumoluWeightOnOtherPlanetsUITestsLaunchTests.swift */ = {isa = PBXFileReference; lastKnownFileType = sourcecode.swift; path = AnumoluWeightOnOtherPlanetsUITestsLaunchTests.swift; sourceTree = "<group>"; };
/* End PBXFileReference section */

/* Begin PBXFrameworksBuildPhase section */
		3D06DED92AEB36CA00741C54 /* Frameworks */ = {
			isa = PBXFrameworksBuildPhase;
			buildActionMask = 2147483647;
			files = (
			);
			runOnlyForDeploymentPostprocessing = 0;
		};
		3D06DEEF2AEB36CB00741C54 /* Frameworks */ = {
			isa = PBXFrameworksBuildPhase;
			buildActionMask = 2147483647;
			files = (
			);
			runOnlyForDeploymentPostprocessing = 0;
		};
		3D06DEF92AEB36CB00741C54 /* Frameworks */ = {
			isa = PBXFrameworksBuildPhase;
			buildActionMask = 2147483647;
			files = (
			);
			runOnlyForDeploymentPostprocessing = 0;
		};
/* End PBXFrameworksBuildPhase section */

/* Begin PBXGroup section */
		3D06DED32AEB36CA00741C54 = {
			isa = PBXGroup;
			children = (
				3D06DEDE2AEB36CA00741C54 /* AnumoluWeightOnOtherPlanets */,
				3D06DEF52AEB36CB00741C54 /* AnumoluWeightOnOtherPlanetsTests */,
				3D06DEFF2AEB36CB00741C54 /* AnumoluWeightOnOtherPlanetsUITests */,
				3D06DEDD2AEB36CA00741C54 /* Products */,
			);
			sourceTree = "<group>";
		};
		3D06DEDD2AEB36CA00741C54 /* Products */ = {
			isa = PBXGroup;
			children = (
				3D06DEDC2AEB36CA00741C54 /* AnumoluWeightOnOtherPlanets.app */,
				3D06DEF22AEB36CB00741C54 /* AnumoluWeightOnOtherPlanetsTests.xctest */,
				3D06DEFC2AEB36CB00741C54 /* AnumoluWeightOnOtherPlanetsUITests.xctest */,
			);
			name = Products;
			sourceTree = "<group>";
		};
		3D06DEDE2AEB36CA00741C54 /* AnumoluWeightOnOtherPlanets */ = {
			isa = PBXGroup;
			children = (
				3D06DEDF2AEB36CA00741C54 /* AppDelegate.swift */,
				3D06DEE12AEB36CA00741C54 /* SceneDelegate.swift */,
				3D06DEE32AEB36CA00741C54 /* WeightCalculatorVC.swift */,
				3D06DEE52AEB36CA00741C54 /* Main.storyboard */,
				3D06DEE82AEB36CB00741C54 /* Assets.xcassets */,
				3D06DEEA2AEB36CB00741C54 /* LaunchScreen.storyboard */,
				3D06DEED2AEB36CB00741C54 /* Info.plist */,
			);
			path = AnumoluWeightOnOtherPlanets;
			sourceTree = "<group>";
		};
		3D06DEF52AEB36CB00741C54 /* AnumoluWeightOnOtherPlanetsTests */ = {
			isa = PBXGroup;
			children = (
				3D06DEF62AEB36CB00741C54 /* AnumoluWeightOnOtherPlanetsTests.swift */,
			);
			path = AnumoluWeightOnOtherPlanetsTests;
			sourceTree = "<group>";
		};
		3D06DEFF2AEB36CB00741C54 /* AnumoluWeightOnOtherPlanetsUITests */ = {
			isa = PBXGroup;
			children = (
				3D06DF002AEB36CB00741C54 /* AnumoluWeightOnOtherPlanetsUITests.swift */,
				3D06DF022AEB36CB00741C54 /* AnumoluWeightOnOtherPlanetsUITestsLaunchTests.swift */,
			);
			path = AnumoluWeightOnOtherPlanetsUITests;
			sourceTree = "<group>";
		};
/* End PBXGroup section */

/* Begin PBXNativeTarget section */
		3D06DEDB2AEB36CA00741C54 /* AnumoluWeightOnOtherPlanets */ = {
			isa = PBXNativeTarget;
			buildConfigurationList = 3D06DF062AEB36CB00741C54 /* Build configuration list for PBXNativeTarget "AnumoluWeightOnOtherPlanets" */;
			buildPhases = (
				3D06DED82AEB36CA00741C54 /* Sources */,
				3D06DED92AEB36CA00741C54 /* Frameworks */,
				3D06DEDA2AEB36CA00741C54 /* Resources */,
			);
			buildRules = (
			);
			dependencies = (
			);
			name = AnumoluWeightOnOtherPlanets;
			productName = AnumoluWeightOnOtherPlanets;
			productReference = 3D06DEDC2AEB36CA00741C54 /* AnumoluWeightOnOtherPlanets.app */;
			productType = "com.apple.product-type.application";
		};
		3D06DEF12AEB36CB00741C54 /* AnumoluWeightOnOtherPlanetsTests */ = {
			isa = PBXNativeTarget;
			buildConfigurationList = 3D06DF092AEB36CB00741C54 /* Build configuration list for PBXNativeTarget "AnumoluWeightOnOtherPlanetsTests" */;
			buildPhases = (
				3D06DEEE2AEB36CB00741C54 /* Sources */,
				3D06DEEF2AEB36CB00741C54 /* Frameworks */,
				3D06DEF02AEB36CB00741C54 /* Resources */,
			);
			buildRules = (
			);
			dependencies = (
				3D06DEF42AEB36CB00741C54 /* PBXTargetDependency */,
			);
			name = AnumoluWeightOnOtherPlanetsTests;
			productName = AnumoluWeightOnOtherPlanetsTests;
			productReference = 3D06DEF22AEB36CB00741C54 /* AnumoluWeightOnOtherPlanetsTests.xctest */;
			productType = "com.apple.product-type.bundle.unit-test";
		};
		3D06DEFB2AEB36CB00741C54 /* AnumoluWeightOnOtherPlanetsUITests */ = {
			isa = PBXNativeTarget;
			buildConfigurationList = 3D06DF0C2AEB36CB00741C54 /* Build configuration list for PBXNativeTarget "AnumoluWeightOnOtherPlanetsUITests" */;
			buildPhases = (
				3D06DEF82AEB36CB00741C54 /* Sources */,
				3D06DEF92AEB36CB00741C54 /* Frameworks */,
				3D06DEFA2AEB36CB00741C54 /* Resources */,
			);
			buildRules = (
			);
			dependencies = (
				3D06DEFE2AEB36CB00741C54 /* PBXTargetDependency */,
			);
			name = AnumoluWeightOnOtherPlanetsUITests;
			productName = AnumoluWeightOnOtherPlanetsUITests;
			productReference = 3D06DEFC2AEB36CB00741C54 /* AnumoluWeightOnOtherPlanetsUITests.xctest */;
			productType = "com.apple.product-type.bundle.ui-testing";
		};
/* End PBXNativeTarget section */

/* Begin PBXProject section */
		3D06DED42AEB36CA00741C54 /* Project object */ = {
			isa = PBXProject;
			attributes = {
				BuildIndependentTargetsInParallel = 1;
				LastSwiftUpdateCheck = 1430;
				LastUpgradeCheck = 1430;
				TargetAttributes = {
					3D06DEDB2AEB36CA00741C54 = {
						CreatedOnToolsVersion = 14.3.1;
					};
					3D06DEF12AEB36CB00741C54 = {
						CreatedOnToolsVersion = 14.3.1;
						TestTargetID = 3D06DEDB2AEB36CA00741C54;
					};
					3D06DEFB2AEB36CB00741C54 = {
						CreatedOnToolsVersion = 14.3.1;
						TestTargetID = 3D06DEDB2AEB36CA00741C54;
					};
				};
			};
			buildConfigurationList = 3D06DED72AEB36CA00741C54 /* Build configuration list for PBXProject "AnumoluWeightOnOtherPlanets" */;
			compatibilityVersion = "Xcode 14.0";
			developmentRegion = en;
			hasScannedForEncodings = 0;
			knownRegions = (
				en,
				Base,
			);
			mainGroup = 3D06DED32AEB36CA00741C54;
			productRefGroup = 3D06DEDD2AEB36CA00741C54 /* Products */;
			projectDirPath = "";
			projectRoot = "";
			targets = (
				3D06DEDB2AEB36CA00741C54 /* AnumoluWeightOnOtherPlanets */,
				3D06DEF12AEB36CB00741C54 /* AnumoluWeightOnOtherPlanetsTests */,
				3D06DEFB2AEB36CB00741C54 /* AnumoluWeightOnOtherPlanetsUITests */,
			);
		};
/* End PBXProject section */

/* Begin PBXResourcesBuildPhase section */
		3D06DEDA2AEB36CA00741C54 /* Resources */ = {
			isa = PBXResourcesBuildPhase;
			buildActionMask = 2147483647;
			files = (
				3D06DEEC2AEB36CB00741C54 /* LaunchScreen.storyboard in Resources */,
				3D06DEE92AEB36CB00741C54 /* Assets.xcassets in Resources */,
				3D06DEE72AEB36CA00741C54 /* Main.storyboard in Resources */,
			);
			runOnlyForDeploymentPostprocessing = 0;
		};
		3D06DEF02AEB36CB00741C54 /* Resources */ = {
			isa = PBXResourcesBuildPhase;
			buildActionMask = 2147483647;
			files = (
			);
			runOnlyForDeploymentPostprocessing = 0;
		};
		3D06DEFA2AEB36CB00741C54 /* Resources */ = {
			isa = PBXResourcesBuildPhase;
			buildActionMask = 2147483647;
			files = (
			);
			runOnlyForDeploymentPostprocessing = 0;
		};
/* End PBXResourcesBuildPhase section */

/* Begin PBXSourcesBuildPhase section */
		3D06DED82AEB36CA00741C54 /* Sources */ = {
			isa = PBXSourcesBuildPhase;
			buildActionMask = 2147483647;
			files = (
				3D06DEE42AEB36CA00741C54 /* WeightCalculatorVC.swift in Sources */,
				3D06DEE02AEB36CA00741C54 /* AppDelegate.swift in Sources */,
				3D06DEE22AEB36CA00741C54 /* SceneDelegate.swift in Sources */,
			);
			runOnlyForDeploymentPostprocessing = 0;
		};
		3D06DEEE2AEB36CB00741C54 /* Sources */ = {
			isa = PBXSourcesBuildPhase;
			buildActionMask = 2147483647;
			files = (
				3D06DEF72AEB36CB00741C54 /* AnumoluWeightOnOtherPlanetsTests.swift in Sources */,
			);
			runOnlyForDeploymentPostprocessing = 0;
		};
		3D06DEF82AEB36CB00741C54 /* Sources */ = {
			isa = PBXSourcesBuildPhase;
			buildActionMask = 2147483647;
			files = (
				3D06DF032AEB36CB00741C54 /* AnumoluWeightOnOtherPlanetsUITestsLaunchTests.swift in Sources */,
				3D06DF012AEB36CB00741C54 /* AnumoluWeightOnOtherPlanetsUITests.swift in Sources */,
			);
			runOnlyForDeploymentPostprocessing = 0;
		};
/* End PBXSourcesBuildPhase section */

/* Begin PBXTargetDependency section */
		3D06DEF42AEB36CB00741C54 /* PBXTargetDependency */ = {
			isa = PBXTargetDependency;
			target = 3D06DEDB2AEB36CA00741C54 /* AnumoluWeightOnOtherPlanets */;
			targetProxy = 3D06DEF32AEB36CB00741C54 /* PBXContainerItemProxy */;
		};
		3D06DEFE2AEB36CB00741C54 /* PBXTargetDependency */ = {
			isa = PBXTargetDependency;
			target = 3D06DEDB2AEB36CA00741C54 /* AnumoluWeightOnOtherPlanets */;
			targetProxy = 3D06DEFD2AEB36CB00741C54 /* PBXContainerItemProxy */;
		};
/* End PBXTargetDependency section */

/* Begin PBXVariantGroup section */
		3D06DEE52AEB36CA00741C54 /* Main.storyboard */ = {
			isa = PBXVariantGroup;
			children = (
				3D06DEE62AEB36CA00741C54 /* Base */,
			);
			name = Main.storyboard;
			sourceTree = "<group>";
		};
		3D06DEEA2AEB36CB00741C54 /* LaunchScreen.storyboard */ = {
			isa = PBXVariantGroup;
			children = (
				3D06DEEB2AEB36CB00741C54 /* Base */,
			);
			name = LaunchScreen.storyboard;
			sourceTree = "<group>";
		};
/* End PBXVariantGroup section */

/* Begin XCBuildConfiguration section */
		3D06DF042AEB36CB00741C54 /* Debug */ = {
			isa = XCBuildConfiguration;
			buildSettings = {
				ALWAYS_SEARCH_USER_PATHS = NO;
				CLANG_ANALYZER_NONNULL = YES;
				CLANG_ANALYZER_NUMBER_OBJECT_CONVERSION = YES_AGGRESSIVE;
				CLANG_CXX_LANGUAGE_STANDARD = "gnu++20";
				CLANG_ENABLE_MODULES = YES;
				CLANG_ENABLE_OBJC_ARC = YES;
				CLANG_ENABLE_OBJC_WEAK = YES;
				CLANG_WARN_BLOCK_CAPTURE_AUTORELEASING = YES;
				CLANG_WARN_BOOL_CONVERSION = YES;
				CLANG_WARN_COMMA = YES;
				CLANG_WARN_CONSTANT_CONVERSION = YES;
				CLANG_WARN_DEPRECATED_OBJC_IMPLEMENTATIONS = YES;
				CLANG_WARN_DIRECT_OBJC_ISA_USAGE = YES_ERROR;
				CLANG_WARN_DOCUMENTATION_COMMENTS = YES;
				CLANG_WARN_EMPTY_BODY = YES;
				CLANG_WARN_ENUM_CONVERSION = YES;
				CLANG_WARN_INFINITE_RECURSION = YES;
				CLANG_WARN_INT_CONVERSION = YES;
				CLANG_WARN_NON_LITERAL_NULL_CONVERSION = YES;
				CLANG_WARN_OBJC_IMPLICIT_RETAIN_SELF = YES;
				CLANG_WARN_OBJC_LITERAL_CONVERSION = YES;
				CLANG_WARN_OBJC_ROOT_CLASS = YES_ERROR;
				CLANG_WARN_QUOTED_INCLUDE_IN_FRAMEWORK_HEADER = YES;
				CLANG_WARN_RANGE_LOOP_ANALYSIS = YES;
				CLANG_WARN_STRICT_PROTOTYPES = YES;
				CLANG_WARN_SUSPICIOUS_MOVE = YES;
				CLANG_WARN_UNGUARDED_AVAILABILITY = YES_AGGRESSIVE;
				CLANG_WARN_UNREACHABLE_CODE = YES;
				CLANG_WARN__DUPLICATE_METHOD_MATCH = YES;
				COPY_PHASE_STRIP = NO;
				DEBUG_INFORMATION_FORMAT = dwarf;
				ENABLE_STRICT_OBJC_MSGSEND = YES;
				ENABLE_TESTABILITY = YES;
				GCC_C_LANGUAGE_STANDARD = gnu11;
				GCC_DYNAMIC_NO_PIC = NO;
				GCC_NO_COMMON_BLOCKS = YES;
				GCC_OPTIMIZATION_LEVEL = 0;
				GCC_PREPROCESSOR_DEFINITIONS = (
					"DEBUG=1",
					"$(inherited)",
				);
				GCC_WARN_64_TO_32_BIT_CONVERSION = YES;
				GCC_WARN_ABOUT_RETURN_TYPE = YES_ERROR;
				GCC_WARN_UNDECLARED_SELECTOR = YES;
				GCC_WARN_UNINITIALIZED_AUTOS = YES_AGGRESSIVE;
				GCC_WARN_UNUSED_FUNCTION = YES;
				GCC_WARN_UNUSED_VARIABLE = YES;
				IPHONEOS_DEPLOYMENT_TARGET = 16.4;
				MTL_ENABLE_DEBUG_INFO = INCLUDE_SOURCE;
				MTL_FAST_MATH = YES;
				ONLY_ACTIVE_ARCH = YES;
				SDKROOT = iphoneos;
				SWIFT_ACTIVE_COMPILATION_CONDITIONS = DEBUG;
				SWIFT_OPTIMIZATION_LEVEL = "-Onone";
			};
			name = Debug;
		};
		3D06DF052AEB36CB00741C54 /* Release */ = {
			isa = XCBuildConfiguration;
			buildSettings = {
				ALWAYS_SEARCH_USER_PATHS = NO;
				CLANG_ANALYZER_NONNULL = YES;
				CLANG_ANALYZER_NUMBER_OBJECT_CONVERSION = YES_AGGRESSIVE;
				CLANG_CXX_LANGUAGE_STANDARD = "gnu++20";
				CLANG_ENABLE_MODULES = YES;
				CLANG_ENABLE_OBJC_ARC = YES;
				CLANG_ENABLE_OBJC_WEAK = YES;
				CLANG_WARN_BLOCK_CAPTURE_AUTORELEASING = YES;
				CLANG_WARN_BOOL_CONVERSION = YES;
				CLANG_WARN_COMMA = YES;
				CLANG_WARN_CONSTANT_CONVERSION = YES;
				CLANG_WARN_DEPRECATED_OBJC_IMPLEMENTATIONS = YES;
				CLANG_WARN_DIRECT_OBJC_ISA_USAGE = YES_ERROR;
				CLANG_WARN_DOCUMENTATION_COMMENTS = YES;
				CLANG_WARN_EMPTY_BODY = YES;
				CLANG_WARN_ENUM_CONVERSION = YES;
				CLANG_WARN_INFINITE_RECURSION = YES;
				CLANG_WARN_INT_CONVERSION = YES;
				CLANG_WARN_NON_LITERAL_NULL_CONVERSION = YES;
				CLANG_WARN_OBJC_IMPLICIT_RETAIN_SELF = YES;
				CLANG_WARN_OBJC_LITERAL_CONVERSION = YES;
				CLANG_WARN_OBJC_ROOT_CLASS = YES_ERROR;
				CLANG_WARN_QUOTED_INCLUDE_IN_FRAMEWORK_HEADER = YES;
				CLANG_WARN_RANGE_LOOP_ANALYSIS = YES;
				CLANG_WARN_STRICT_PROTOTYPES = YES;
				CLANG_WARN_SUSPICIOUS_MOVE = YES;
				CLANG_WARN_UNGUARDED_AVAILABILITY = YES_AGGRESSIVE;
				CLANG_WARN_UNREACHABLE_CODE = YES;
				CLANG_WARN__DUPLICATE_METHOD_MATCH = YES;
				COPY_PHASE_STRIP = NO;
				DEBUG_INFORMATION_FORMAT = "dwarf-with-dsym";
				ENABLE_NS_ASSERTIONS = NO;
				ENABLE_STRICT_OBJC_MSGSEND = YES;
				GCC_C_LANGUAGE_STANDARD = gnu11;
				GCC_NO_COMMON_BLOCKS = YES;
				GCC_WARN_64_TO_32_BIT_CONVERSION = YES;
				GCC_WARN_ABOUT_RETURN_TYPE = YES_ERROR;
				GCC_WARN_UNDECLARED_SELECTOR = YES;
				GCC_WARN_UNINITIALIZED_AUTOS = YES_AGGRESSIVE;
				GCC_WARN_UNUSED_FUNCTION = YES;
				GCC_WARN_UNUSED_VARIABLE = YES;
				IPHONEOS_DEPLOYMENT_TARGET = 16.4;
				MTL_ENABLE_DEBUG_INFO = NO;
				MTL_FAST_MATH = YES;
				SDKROOT = iphoneos;
				SWIFT_COMPILATION_MODE = wholemodule;
				SWIFT_OPTIMIZATION_LEVEL = "-O";
				VALIDATE_PRODUCT = YES;
			};
			name = Release;
		};
		3D06DF072AEB36CB00741C54 /* Debug */ = {
			isa = XCBuildConfiguration;
			buildSettings = {
				ASSETCATALOG_COMPILER_APPICON_NAME = AppIcon;
				ASSETCATALOG_COMPILER_GLOBAL_ACCENT_COLOR_NAME = AccentColor;
				CODE_SIGN_STYLE = Automatic;
				CURRENT_PROJECT_VERSION = 1;
				GENERATE_INFOPLIST_FILE = YES;
				INFOPLIST_FILE = AnumoluWeightOnOtherPlanets/Info.plist;
				INFOPLIST_KEY_UIApplicationSupportsIndirectInputEvents = YES;
				INFOPLIST_KEY_UILaunchStoryboardName = LaunchScreen;
				INFOPLIST_KEY_UIMainStoryboardFile = Main;
				INFOPLIST_KEY_UISupportedInterfaceOrientations_iPad = "UIInterfaceOrientationPortrait UIInterfaceOrientationPortraitUpsideDown UIInterfaceOrientationLandscapeLeft UIInterfaceOrientationLandscapeRight";
				INFOPLIST_KEY_UISupportedInterfaceOrientations_iPhone = "UIInterfaceOrientationPortrait UIInterfaceOrientationLandscapeLeft UIInterfaceOrientationLandscapeRight";
				LD_RUNPATH_SEARCH_PATHS = (
					"$(inherited)",
					"@executable_path/Frameworks",
				);
				MARKETING_VERSION = 1.0;
				PRODUCT_BUNDLE_IDENTIFIER = edu.nwmissouri.fall23.cs44643.AnumoluWeightOnOtherPlanets;
				PRODUCT_NAME = "$(TARGET_NAME)";
				SWIFT_EMIT_LOC_STRINGS = YES;
				SWIFT_VERSION = 5.0;
				TARGETED_DEVICE_FAMILY = "1,2";
			};
			name = Debug;
		};
		3D06DF082AEB36CB00741C54 /* Release */ = {
			isa = XCBuildConfiguration;
			buildSettings = {
				ASSETCATALOG_COMPILER_APPICON_NAME = AppIcon;
				ASSETCATALOG_COMPILER_GLOBAL_ACCENT_COLOR_NAME = AccentColor;
				CODE_SIGN_STYLE = Automatic;
				CURRENT_PROJECT_VERSION = 1;
				GENERATE_INFOPLIST_FILE = YES;
				INFOPLIST_FILE = AnumoluWeightOnOtherPlanets/Info.plist;
				INFOPLIST_KEY_UIApplicationSupportsIndirectInputEvents = YES;
				INFOPLIST_KEY_UILaunchStoryboardName = LaunchScreen;
				INFOPLIST_KEY_UIMainStoryboardFile = Main;
				INFOPLIST_KEY_UISupportedInterfaceOrientations_iPad = "UIInterfaceOrientationPortrait UIInterfaceOrientationPortraitUpsideDown UIInterfaceOrientationLandscapeLeft UIInterfaceOrientationLandscapeRight";
				INFOPLIST_KEY_UISupportedInterfaceOrientations_iPhone = "UIInterfaceOrientationPortrait UIInterfaceOrientationLandscapeLeft UIInterfaceOrientationLandscapeRight";
				LD_RUNPATH_SEARCH_PATHS = (
					"$(inherited)",
					"@executable_path/Frameworks",
				);
				MARKETING_VERSION = 1.0;
				PRODUCT_BUNDLE_IDENTIFIER = edu.nwmissouri.fall23.cs44643.AnumoluWeightOnOtherPlanets;
				PRODUCT_NAME = "$(TARGET_NAME)";
				SWIFT_EMIT_LOC_STRINGS = YES;
				SWIFT_VERSION = 5.0;
				TARGETED_DEVICE_FAMILY = "1,2";
			};
			name = Release;
		};
		3D06DF0A2AEB36CB00741C54 /* Debug */ = {
			isa = XCBuildConfiguration;
			buildSettings = {
				ALWAYS_EMBED_SWIFT_STANDARD_LIBRARIES = YES;
				BUNDLE_LOADER = "$(TEST_HOST)";
				CODE_SIGN_STYLE = Automatic;
				CURRENT_PROJECT_VERSION = 1;
				GENERATE_INFOPLIST_FILE = YES;
				IPHONEOS_DEPLOYMENT_TARGET = 16.4;
				MARKETING_VERSION = 1.0;
				PRODUCT_BUNDLE_IDENTIFIER = edu.nwmissouri.fall23.cs44643.AnumoluWeightOnOtherPlanetsTests;
				PRODUCT_NAME = "$(TARGET_NAME)";
				SWIFT_EMIT_LOC_STRINGS = NO;
				SWIFT_VERSION = 5.0;
				TARGETED_DEVICE_FAMILY = "1,2";
				TEST_HOST = "$(BUILT_PRODUCTS_DIR)/AnumoluWeightOnOtherPlanets.app/$(BUNDLE_EXECUTABLE_FOLDER_PATH)/AnumoluWeightOnOtherPlanets";
			};
			name = Debug;
		};
		3D06DF0B2AEB36CB00741C54 /* Release */ = {
			isa = XCBuildConfiguration;
			buildSettings = {
				ALWAYS_EMBED_SWIFT_STANDARD_LIBRARIES = YES;
				BUNDLE_LOADER = "$(TEST_HOST)";
				CODE_SIGN_STYLE = Automatic;
				CURRENT_PROJECT_VERSION = 1;
				GENERATE_INFOPLIST_FILE = YES;
				IPHONEOS_DEPLOYMENT_TARGET = 16.4;
				MARKETING_VERSION = 1.0;
				PRODUCT_BUNDLE_IDENTIFIER = edu.nwmissouri.fall23.cs44643.AnumoluWeightOnOtherPlanetsTests;
				PRODUCT_NAME = "$(TARGET_NAME)";
				SWIFT_EMIT_LOC_STRINGS = NO;
				SWIFT_VERSION = 5.0;
				TARGETED_DEVICE_FAMILY = "1,2";
				TEST_HOST = "$(BUILT_PRODUCTS_DIR)/AnumoluWeightOnOtherPlanets.app/$(BUNDLE_EXECUTABLE_FOLDER_PATH)/AnumoluWeightOnOtherPlanets";
			};
			name = Release;
		};
		3D06DF0D2AEB36CB00741C54 /* Debug */ = {
			isa = XCBuildConfiguration;
			buildSettings = {
				ALWAYS_EMBED_SWIFT_STANDARD_LIBRARIES = YES;
				CODE_SIGN_STYLE = Automatic;
				CURRENT_PROJECT_VERSION = 1;
				GENERATE_INFOPLIST_FILE = YES;
				MARKETING_VERSION = 1.0;
				PRODUCT_BUNDLE_IDENTIFIER = edu.nwmissouri.fall23.cs44643.AnumoluWeightOnOtherPlanetsUITests;
				PRODUCT_NAME = "$(TARGET_NAME)";
				SWIFT_EMIT_LOC_STRINGS = NO;
				SWIFT_VERSION = 5.0;
				TARGETED_DEVICE_FAMILY = "1,2";
				TEST_TARGET_NAME = AnumoluWeightOnOtherPlanets;
			};
			name = Debug;
		};
		3D06DF0E2AEB36CB00741C54 /* Release */ = {
			isa = XCBuildConfiguration;
			buildSettings = {
				ALWAYS_EMBED_SWIFT_STANDARD_LIBRARIES = YES;
				CODE_SIGN_STYLE = Automatic;
				CURRENT_PROJECT_VERSION = 1;
				GENERATE_INFOPLIST_FILE = YES;
				MARKETING_VERSION = 1.0;
				PRODUCT_BUNDLE_IDENTIFIER = edu.nwmissouri.fall23.cs44643.AnumoluWeightOnOtherPlanetsUITests;
				PRODUCT_NAME = "$(TARGET_NAME)";
				SWIFT_EMIT_LOC_STRINGS = NO;
				SWIFT_VERSION = 5.0;
				TARGETED_DEVICE_FAMILY = "1,2";
				TEST_TARGET_NAME = AnumoluWeightOnOtherPlanets;
			};
			name = Release;
		};
/* End XCBuildConfiguration section */

/* Begin XCConfigurationList section */
		3D06DED72AEB36CA00741C54 /* Build configuration list for PBXProject "AnumoluWeightOnOtherPlanets" */ = {
			isa = XCConfigurationList;
			buildConfigurations = (
				3D06DF042AEB36CB00741C54 /* Debug */,
				3D06DF052AEB36CB00741C54 /* Release */,
			);
			defaultConfigurationIsVisible = 0;
			defaultConfigurationName = Release;
		};
		3D06DF062AEB36CB00741C54 /* Build configuration list for PBXNativeTarget "AnumoluWeightOnOtherPlanets" */ = {
			isa = XCConfigurationList;
			buildConfigurations = (
				3D06DF072AEB36CB00741C54 /* Debug */,
				3D06DF082AEB36CB00741C54 /* Release */,
			);
			defaultConfigurationIsVisible = 0;
			defaultConfigurationName = Release;
		};
		3D06DF092AEB36CB00741C54 /* Build configuration list for PBXNativeTarget "AnumoluWeightOnOtherPlanetsTests" */ = {
			isa = XCConfigurationList;
			buildConfigurations = (
				3D06DF0A2AEB36CB00741C54 /* Debug */,
				3D06DF0B2AEB36CB00741C54 /* Release */,
			);
			defaultConfigurationIsVisible = 0;
			defaultConfigurationName = Release;
		};
		3D06DF0C2AEB36CB00741C54 /* Build configuration list for PBXNativeTarget "AnumoluWeightOnOtherPlanetsUITests" */ = {
			isa = XCConfigurationList;
			buildConfigurations = (
				3D06DF0D2AEB36CB00741C54 /* Debug */,
				3D06DF0E2AEB36CB00741C54 /* Release */,
			);
			defaultConfigurationIsVisible = 0;
			defaultConfigurationName = Release;
		};
/* End XCConfigurationList section */
	};
	rootObject = 3D06DED42AEB36CA00741C54 /* Project object */;
}
