// !$*UTF8*$!
{
	archiveVersion = 1;
	classes = {
	};
	objectVersion = 56;
	objects = {

/* Begin PBXBuildFile section */
		3D8EE9DA2AE1998700360BCA /* AppDelegate.swift in Sources */ = {isa = PBXBuildFile; fileRef = 3D8EE9D92AE1998700360BCA /* AppDelegate.swift */; };
		3D8EE9DC2AE1998700360BCA /* SceneDelegate.swift in Sources */ = {isa = PBXBuildFile; fileRef = 3D8EE9DB2AE1998700360BCA /* SceneDelegate.swift */; };
		3D8EE9DE2AE1998700360BCA /* LoginVC.swift in Sources */ = {isa = PBXBuildFile; fileRef = 3D8EE9DD2AE1998700360BCA /* LoginVC.swift */; };
		3D8EE9E12AE1998700360BCA /* Main.storyboard in Resources */ = {isa = PBXBuildFile; fileRef = 3D8EE9DF2AE1998700360BCA /* Main.storyboard */; };
		3D8EE9E32AE1998800360BCA /* Assets.xcassets in Resources */ = {isa = PBXBuildFile; fileRef = 3D8EE9E22AE1998800360BCA /* Assets.xcassets */; };
		3D8EE9E62AE1998800360BCA /* LaunchScreen.storyboard in Resources */ = {isa = PBXBuildFile; fileRef = 3D8EE9E42AE1998800360BCA /* LaunchScreen.storyboard */; };
		3D8EE9F12AE1998900360BCA /* AnumoluShoppingAppTests.swift in Sources */ = {isa = PBXBuildFile; fileRef = 3D8EE9F02AE1998900360BCA /* AnumoluShoppingAppTests.swift */; };
		3D8EE9FB2AE1998900360BCA /* AnumoluShoppingAppUITests.swift in Sources */ = {isa = PBXBuildFile; fileRef = 3D8EE9FA2AE1998900360BCA /* AnumoluShoppingAppUITests.swift */; };
		3D8EE9FD2AE1998900360BCA /* AnumoluShoppingAppUITestsLaunchTests.swift in Sources */ = {isa = PBXBuildFile; fileRef = 3D8EE9FC2AE1998900360BCA /* AnumoluShoppingAppUITestsLaunchTests.swift */; };
		3D8EEA0A2AE4C2C000360BCA /* ProductsVC.swift in Sources */ = {isa = PBXBuildFile; fileRef = 3D8EEA092AE4C2C000360BCA /* ProductsVC.swift */; };
		3D8EEA0C2AE4C2EC00360BCA /* ProductDescriptionVC.swift in Sources */ = {isa = PBXBuildFile; fileRef = 3D8EEA0B2AE4C2EC00360BCA /* ProductDescriptionVC.swift */; };
		3D8EEA0E2AE4C82B00360BCA /* ProductView.swift in Sources */ = {isa = PBXBuildFile; fileRef = 3D8EEA0D2AE4C82B00360BCA /* ProductView.swift */; };
		3D8EEA102AE4C89600360BCA /* ProductView.xib in Resources */ = {isa = PBXBuildFile; fileRef = 3D8EEA0F2AE4C89600360BCA /* ProductView.xib */; };
		3D8EEA122AE9EA0A00360BCA /* Model.swift in Sources */ = {isa = PBXBuildFile; fileRef = 3D8EEA112AE9EA0A00360BCA /* Model.swift */; };
		3D8EEA152AE9F63C00360BCA /* AnimatedGradientView in Frameworks */ = {isa = PBXBuildFile; productRef = 3D8EEA142AE9F63C00360BCA /* AnimatedGradientView */; };
		3D8EEA182AE9F66300360BCA /* Lottie in Frameworks */ = {isa = PBXBuildFile; productRef = 3D8EEA172AE9F66300360BCA /* Lottie */; };
		3D8EEA1A2AEA0C1600360BCA /* DCBT500.mlmodel in Sources */ = {isa = PBXBuildFile; fileRef = 3D8EEA192AEA0C1600360BCA /* DCBT500.mlmodel */; };
/* End PBXBuildFile section */

/* Begin PBXContainerItemProxy section */
		3D8EE9ED2AE1998900360BCA /* PBXContainerItemProxy */ = {
			isa = PBXContainerItemProxy;
			containerPortal = 3D8EE9CE2AE1998700360BCA /* Project object */;
			proxyType = 1;
			remoteGlobalIDString = 3D8EE9D52AE1998700360BCA;
			remoteInfo = AnumoluShoppingApp;
		};
		3D8EE9F72AE1998900360BCA /* PBXContainerItemProxy */ = {
			isa = PBXContainerItemProxy;
			containerPortal = 3D8EE9CE2AE1998700360BCA /* Project object */;
			proxyType = 1;
			remoteGlobalIDString = 3D8EE9D52AE1998700360BCA;
			remoteInfo = AnumoluShoppingApp;
		};
/* End PBXContainerItemProxy section */

/* Begin PBXFileReference section */
		3D8EE9D62AE1998700360BCA /* AnumoluShoppingApp.app */ = {isa = PBXFileReference; explicitFileType = wrapper.application; includeInIndex = 0; path = AnumoluShoppingApp.app; sourceTree = BUILT_PRODUCTS_DIR; };
		3D8EE9D92AE1998700360BCA /* AppDelegate.swift */ = {isa = PBXFileReference; lastKnownFileType = sourcecode.swift; path = AppDelegate.swift; sourceTree = "<group>"; };
		3D8EE9DB2AE1998700360BCA /* SceneDelegate.swift */ = {isa = PBXFileReference; lastKnownFileType = sourcecode.swift; path = SceneDelegate.swift; sourceTree = "<group>"; };
		3D8EE9DD2AE1998700360BCA /* LoginVC.swift */ = {isa = PBXFileReference; lastKnownFileType = sourcecode.swift; path = LoginVC.swift; sourceTree = "<group>"; };
		3D8EE9E02AE1998700360BCA /* Base */ = {isa = PBXFileReference; lastKnownFileType = file.storyboard; name = Base; path = Base.lproj/Main.storyboard; sourceTree = "<group>"; };
		3D8EE9E22AE1998800360BCA /* Assets.xcassets */ = {isa = PBXFileReference; lastKnownFileType = folder.assetcatalog; path = Assets.xcassets; sourceTree = "<group>"; };
		3D8EE9E52AE1998800360BCA /* Base */ = {isa = PBXFileReference; lastKnownFileType = file.storyboard; name = Base; path = Base.lproj/LaunchScreen.storyboard; sourceTree = "<group>"; };
		3D8EE9E72AE1998800360BCA /* Info.plist */ = {isa = PBXFileReference; lastKnownFileType = text.plist.xml; path = Info.plist; sourceTree = "<group>"; };
		3D8EE9EC2AE1998900360BCA /* AnumoluShoppingAppTests.xctest */ = {isa = PBXFileReference; explicitFileType = wrapper.cfbundle; includeInIndex = 0; path = AnumoluShoppingAppTests.xctest; sourceTree = BUILT_PRODUCTS_DIR; };
		3D8EE9F02AE1998900360BCA /* AnumoluShoppingAppTests.swift */ = {isa = PBXFileReference; lastKnownFileType = sourcecode.swift; path = AnumoluShoppingAppTests.swift; sourceTree = "<group>"; };
		3D8EE9F62AE1998900360BCA /* AnumoluShoppingAppUITests.xctest */ = {isa = PBXFileReference; explicitFileType = wrapper.cfbundle; includeInIndex = 0; path = AnumoluShoppingAppUITests.xctest; sourceTree = BUILT_PRODUCTS_DIR; };
		3D8EE9FA2AE1998900360BCA /* AnumoluShoppingAppUITests.swift */ = {isa = PBXFileReference; lastKnownFileType = sourcecode.swift; path = AnumoluShoppingAppUITests.swift; sourceTree = "<group>"; };
		3D8EE9FC2AE1998900360BCA /* AnumoluShoppingAppUITestsLaunchTests.swift */ = {isa = PBXFileReference; lastKnownFileType = sourcecode.swift; path = AnumoluShoppingAppUITestsLaunchTests.swift; sourceTree = "<group>"; };
		3D8EEA092AE4C2C000360BCA /* ProductsVC.swift */ = {isa = PBXFileReference; lastKnownFileType = sourcecode.swift; path = ProductsVC.swift; sourceTree = "<group>"; };
		3D8EEA0B2AE4C2EC00360BCA /* ProductDescriptionVC.swift */ = {isa = PBXFileReference; lastKnownFileType = sourcecode.swift; path = ProductDescriptionVC.swift; sourceTree = "<group>"; };
		3D8EEA0D2AE4C82B00360BCA /* ProductView.swift */ = {isa = PBXFileReference; lastKnownFileType = sourcecode.swift; path = ProductView.swift; sourceTree = "<group>"; };
		3D8EEA0F2AE4C89600360BCA /* ProductView.xib */ = {isa = PBXFileReference; lastKnownFileType = file.xib; path = ProductView.xib; sourceTree = "<group>"; };
		3D8EEA112AE9EA0A00360BCA /* Model.swift */ = {isa = PBXFileReference; lastKnownFileType = sourcecode.swift; path = Model.swift; sourceTree = "<group>"; };
		3D8EEA192AEA0C1600360BCA /* DCBT500.mlmodel */ = {isa = PBXFileReference; lastKnownFileType = file.mlmodel; name = DCBT500.mlmodel; path = ../../../../Downloads/Utilities/DCBT500.mlmodel; sourceTree = "<group>"; };
/* End PBXFileReference section */

/* Begin PBXFrameworksBuildPhase section */
		3D8EE9D32AE1998700360BCA /* Frameworks */ = {
			isa = PBXFrameworksBuildPhase;
			buildActionMask = 2147483647;
			files = (
				3D8EEA152AE9F63C00360BCA /* AnimatedGradientView in Frameworks */,
				3D8EEA182AE9F66300360BCA /* Lottie in Frameworks */,
			);
			runOnlyForDeploymentPostprocessing = 0;
		};
		3D8EE9E92AE1998900360BCA /* Frameworks */ = {
			isa = PBXFrameworksBuildPhase;
			buildActionMask = 2147483647;
			files = (
			);
			runOnlyForDeploymentPostprocessing = 0;
		};
		3D8EE9F32AE1998900360BCA /* Frameworks */ = {
			isa = PBXFrameworksBuildPhase;
			buildActionMask = 2147483647;
			files = (
			);
			runOnlyForDeploymentPostprocessing = 0;
		};
/* End PBXFrameworksBuildPhase section */

/* Begin PBXGroup section */
		3D8EE9CD2AE1998700360BCA = {
			isa = PBXGroup;
			children = (
				3D8EE9D82AE1998700360BCA /* AnumoluShoppingApp */,
				3D8EE9EF2AE1998900360BCA /* AnumoluShoppingAppTests */,
				3D8EE9F92AE1998900360BCA /* AnumoluShoppingAppUITests */,
				3D8EE9D72AE1998700360BCA /* Products */,
			);
			sourceTree = "<group>";
		};
		3D8EE9D72AE1998700360BCA /* Products */ = {
			isa = PBXGroup;
			children = (
				3D8EE9D62AE1998700360BCA /* AnumoluShoppingApp.app */,
				3D8EE9EC2AE1998900360BCA /* AnumoluShoppingAppTests.xctest */,
				3D8EE9F62AE1998900360BCA /* AnumoluShoppingAppUITests.xctest */,
			);
			name = Products;
			sourceTree = "<group>";
		};
		3D8EE9D82AE1998700360BCA /* AnumoluShoppingApp */ = {
			isa = PBXGroup;
			children = (
				3D8EEA192AEA0C1600360BCA /* DCBT500.mlmodel */,
				3D8EE9D92AE1998700360BCA /* AppDelegate.swift */,
				3D8EE9DB2AE1998700360BCA /* SceneDelegate.swift */,
				3D8EE9DD2AE1998700360BCA /* LoginVC.swift */,
				3D8EE9DF2AE1998700360BCA /* Main.storyboard */,
				3D8EE9E22AE1998800360BCA /* Assets.xcassets */,
				3D8EE9E42AE1998800360BCA /* LaunchScreen.storyboard */,
				3D8EE9E72AE1998800360BCA /* Info.plist */,
				3D8EEA092AE4C2C000360BCA /* ProductsVC.swift */,
				3D8EEA0B2AE4C2EC00360BCA /* ProductDescriptionVC.swift */,
				3D8EEA0D2AE4C82B00360BCA /* ProductView.swift */,
				3D8EEA0F2AE4C89600360BCA /* ProductView.xib */,
				3D8EEA112AE9EA0A00360BCA /* Model.swift */,
			);
			path = AnumoluShoppingApp;
			sourceTree = "<group>";
		};
		3D8EE9EF2AE1998900360BCA /* AnumoluShoppingAppTests */ = {
			isa = PBXGroup;
			children = (
				3D8EE9F02AE1998900360BCA /* AnumoluShoppingAppTests.swift */,
			);
			path = AnumoluShoppingAppTests;
			sourceTree = "<group>";
		};
		3D8EE9F92AE1998900360BCA /* AnumoluShoppingAppUITests */ = {
			isa = PBXGroup;
			children = (
				3D8EE9FA2AE1998900360BCA /* AnumoluShoppingAppUITests.swift */,
				3D8EE9FC2AE1998900360BCA /* AnumoluShoppingAppUITestsLaunchTests.swift */,
			);
			path = AnumoluShoppingAppUITests;
			sourceTree = "<group>";
		};
/* End PBXGroup section */

/* Begin PBXNativeTarget section */
		3D8EE9D52AE1998700360BCA /* AnumoluShoppingApp */ = {
			isa = PBXNativeTarget;
			buildConfigurationList = 3D8EEA002AE1998900360BCA /* Build configuration list for PBXNativeTarget "AnumoluShoppingApp" */;
			buildPhases = (
				3D8EE9D22AE1998700360BCA /* Sources */,
				3D8EE9D32AE1998700360BCA /* Frameworks */,
				3D8EE9D42AE1998700360BCA /* Resources */,
			);
			buildRules = (
			);
			dependencies = (
			);
			name = AnumoluShoppingApp;
			packageProductDependencies = (
				3D8EEA142AE9F63C00360BCA /* AnimatedGradientView */,
				3D8EEA172AE9F66300360BCA /* Lottie */,
			);
			productName = AnumoluShoppingApp;
			productReference = 3D8EE9D62AE1998700360BCA /* AnumoluShoppingApp.app */;
			productType = "com.apple.product-type.application";
		};
		3D8EE9EB2AE1998900360BCA /* AnumoluShoppingAppTests */ = {
			isa = PBXNativeTarget;
			buildConfigurationList = 3D8EEA032AE1998900360BCA /* Build configuration list for PBXNativeTarget "AnumoluShoppingAppTests" */;
			buildPhases = (
				3D8EE9E82AE1998900360BCA /* Sources */,
				3D8EE9E92AE1998900360BCA /* Frameworks */,
				3D8EE9EA2AE1998900360BCA /* Resources */,
			);
			buildRules = (
			);
			dependencies = (
				3D8EE9EE2AE1998900360BCA /* PBXTargetDependency */,
			);
			name = AnumoluShoppingAppTests;
			productName = AnumoluShoppingAppTests;
			productReference = 3D8EE9EC2AE1998900360BCA /* AnumoluShoppingAppTests.xctest */;
			productType = "com.apple.product-type.bundle.unit-test";
		};
		3D8EE9F52AE1998900360BCA /* AnumoluShoppingAppUITests */ = {
			isa = PBXNativeTarget;
			buildConfigurationList = 3D8EEA062AE1998900360BCA /* Build configuration list for PBXNativeTarget "AnumoluShoppingAppUITests" */;
			buildPhases = (
				3D8EE9F22AE1998900360BCA /* Sources */,
				3D8EE9F32AE1998900360BCA /* Frameworks */,
				3D8EE9F42AE1998900360BCA /* Resources */,
			);
			buildRules = (
			);
			dependencies = (
				3D8EE9F82AE1998900360BCA /* PBXTargetDependency */,
			);
			name = AnumoluShoppingAppUITests;
			productName = AnumoluShoppingAppUITests;
			productReference = 3D8EE9F62AE1998900360BCA /* AnumoluShoppingAppUITests.xctest */;
			productType = "com.apple.product-type.bundle.ui-testing";
		};
/* End PBXNativeTarget section */

/* Begin PBXProject section */
		3D8EE9CE2AE1998700360BCA /* Project object */ = {
			isa = PBXProject;
			attributes = {
				BuildIndependentTargetsInParallel = 1;
				LastSwiftUpdateCheck = 1430;
				LastUpgradeCheck = 1430;
				TargetAttributes = {
					3D8EE9D52AE1998700360BCA = {
						CreatedOnToolsVersion = 14.3.1;
					};
					3D8EE9EB2AE1998900360BCA = {
						CreatedOnToolsVersion = 14.3.1;
						TestTargetID = 3D8EE9D52AE1998700360BCA;
					};
					3D8EE9F52AE1998900360BCA = {
						CreatedOnToolsVersion = 14.3.1;
						TestTargetID = 3D8EE9D52AE1998700360BCA;
					};
				};
			};
			buildConfigurationList = 3D8EE9D12AE1998700360BCA /* Build configuration list for PBXProject "AnumoluShoppingApp" */;
			compatibilityVersion = "Xcode 14.0";
			developmentRegion = en;
			hasScannedForEncodings = 0;
			knownRegions = (
				en,
				Base,
			);
			mainGroup = 3D8EE9CD2AE1998700360BCA;
			packageReferences = (
				3D8EEA132AE9F63C00360BCA /* XCRemoteSwiftPackageReference "AnimatedGradientView" */,
				3D8EEA162AE9F66300360BCA /* XCRemoteSwiftPackageReference "lottie-ios" */,
			);
			productRefGroup = 3D8EE9D72AE1998700360BCA /* Products */;
			projectDirPath = "";
			projectRoot = "";
			targets = (
				3D8EE9D52AE1998700360BCA /* AnumoluShoppingApp */,
				3D8EE9EB2AE1998900360BCA /* AnumoluShoppingAppTests */,
				3D8EE9F52AE1998900360BCA /* AnumoluShoppingAppUITests */,
			);
		};
/* End PBXProject section */

/* Begin PBXResourcesBuildPhase section */
		3D8EE9D42AE1998700360BCA /* Resources */ = {
			isa = PBXResourcesBuildPhase;
			buildActionMask = 2147483647;
			files = (
				3D8EEA102AE4C89600360BCA /* ProductView.xib in Resources */,
				3D8EE9E62AE1998800360BCA /* LaunchScreen.storyboard in Resources */,
				3D8EE9E32AE1998800360BCA /* Assets.xcassets in Resources */,
				3D8EE9E12AE1998700360BCA /* Main.storyboard in Resources */,
			);
			runOnlyForDeploymentPostprocessing = 0;
		};
		3D8EE9EA2AE1998900360BCA /* Resources */ = {
			isa = PBXResourcesBuildPhase;
			buildActionMask = 2147483647;
			files = (
			);
			runOnlyForDeploymentPostprocessing = 0;
		};
		3D8EE9F42AE1998900360BCA /* Resources */ = {
			isa = PBXResourcesBuildPhase;
			buildActionMask = 2147483647;
			files = (
			);
			runOnlyForDeploymentPostprocessing = 0;
		};
/* End PBXResourcesBuildPhase section */

/* Begin PBXSourcesBuildPhase section */
		3D8EE9D22AE1998700360BCA /* Sources */ = {
			isa = PBXSourcesBuildPhase;
			buildActionMask = 2147483647;
			files = (
				3D8EEA122AE9EA0A00360BCA /* Model.swift in Sources */,
				3D8EEA1A2AEA0C1600360BCA /* DCBT500.mlmodel in Sources */,
				3D8EEA0A2AE4C2C000360BCA /* ProductsVC.swift in Sources */,
				3D8EEA0C2AE4C2EC00360BCA /* ProductDescriptionVC.swift in Sources */,
				3D8EE9DE2AE1998700360BCA /* LoginVC.swift in Sources */,
				3D8EE9DA2AE1998700360BCA /* AppDelegate.swift in Sources */,
				3D8EEA0E2AE4C82B00360BCA /* ProductView.swift in Sources */,
				3D8EE9DC2AE1998700360BCA /* SceneDelegate.swift in Sources */,
			);
			runOnlyForDeploymentPostprocessing = 0;
		};
		3D8EE9E82AE1998900360BCA /* Sources */ = {
			isa = PBXSourcesBuildPhase;
			buildActionMask = 2147483647;
			files = (
				3D8EE9F12AE1998900360BCA /* AnumoluShoppingAppTests.swift in Sources */,
			);
			runOnlyForDeploymentPostprocessing = 0;
		};
		3D8EE9F22AE1998900360BCA /* Sources */ = {
			isa = PBXSourcesBuildPhase;
			buildActionMask = 2147483647;
			files = (
				3D8EE9FD2AE1998900360BCA /* AnumoluShoppingAppUITestsLaunchTests.swift in Sources */,
				3D8EE9FB2AE1998900360BCA /* AnumoluShoppingAppUITests.swift in Sources */,
			);
			runOnlyForDeploymentPostprocessing = 0;
		};
/* End PBXSourcesBuildPhase section */

/* Begin PBXTargetDependency section */
		3D8EE9EE2AE1998900360BCA /* PBXTargetDependency */ = {
			isa = PBXTargetDependency;
			target = 3D8EE9D52AE1998700360BCA /* AnumoluShoppingApp */;
			targetProxy = 3D8EE9ED2AE1998900360BCA /* PBXContainerItemProxy */;
		};
		3D8EE9F82AE1998900360BCA /* PBXTargetDependency */ = {
			isa = PBXTargetDependency;
			target = 3D8EE9D52AE1998700360BCA /* AnumoluShoppingApp */;
			targetProxy = 3D8EE9F72AE1998900360BCA /* PBXContainerItemProxy */;
		};
/* End PBXTargetDependency section */

/* Begin PBXVariantGroup section */
		3D8EE9DF2AE1998700360BCA /* Main.storyboard */ = {
			isa = PBXVariantGroup;
			children = (
				3D8EE9E02AE1998700360BCA /* Base */,
			);
			name = Main.storyboard;
			sourceTree = "<group>";
		};
		3D8EE9E42AE1998800360BCA /* LaunchScreen.storyboard */ = {
			isa = PBXVariantGroup;
			children = (
				3D8EE9E52AE1998800360BCA /* Base */,
			);
			name = LaunchScreen.storyboard;
			sourceTree = "<group>";
		};
/* End PBXVariantGroup section */

/* Begin XCBuildConfiguration section */
		3D8EE9FE2AE1998900360BCA /* Debug */ = {
			isa = XCBuildConfiguration;
			buildSettings = {
				ALWAYS_SEARCH_USER_PATHS = NO;
				CLANG_ANALYZER_NONNULL = YES;
				CLANG_ANALYZER_NUMBER_OBJECT_CONVERSION = YES_AGGRESSIVE;
				CLANG_CXX_LANGUAGE_STANDARD = "gnu++20";
				CLANG_ENABLE_MODULES = YES;
				CLANG_ENABLE_OBJC_ARC = YES;
				CLANG_ENABLE_OBJC_WEAK = YES;
				CLANG_WARN_BLOCK_CAPTURE_AUTORELEASING = YES;
				CLANG_WARN_BOOL_CONVERSION = YES;
				CLANG_WARN_COMMA = YES;
				CLANG_WARN_CONSTANT_CONVERSION = YES;
				CLANG_WARN_DEPRECATED_OBJC_IMPLEMENTATIONS = YES;
				CLANG_WARN_DIRECT_OBJC_ISA_USAGE = YES_ERROR;
				CLANG_WARN_DOCUMENTATION_COMMENTS = YES;
				CLANG_WARN_EMPTY_BODY = YES;
				CLANG_WARN_ENUM_CONVERSION = YES;
				CLANG_WARN_INFINITE_RECURSION = YES;
				CLANG_WARN_INT_CONVERSION = YES;
				CLANG_WARN_NON_LITERAL_NULL_CONVERSION = YES;
				CLANG_WARN_OBJC_IMPLICIT_RETAIN_SELF = YES;
				CLANG_WARN_OBJC_LITERAL_CONVERSION = YES;
				CLANG_WARN_OBJC_ROOT_CLASS = YES_ERROR;
				CLANG_WARN_QUOTED_INCLUDE_IN_FRAMEWORK_HEADER = YES;
				CLANG_WARN_RANGE_LOOP_ANALYSIS = YES;
				CLANG_WARN_STRICT_PROTOTYPES = YES;
				CLANG_WARN_SUSPICIOUS_MOVE = YES;
				CLANG_WARN_UNGUARDED_AVAILABILITY = YES_AGGRESSIVE;
				CLANG_WARN_UNREACHABLE_CODE = YES;
				CLANG_WARN__DUPLICATE_METHOD_MATCH = YES;
				COPY_PHASE_STRIP = NO;
				DEBUG_INFORMATION_FORMAT = dwarf;
				ENABLE_STRICT_OBJC_MSGSEND = YES;
				ENABLE_TESTABILITY = YES;
				GCC_C_LANGUAGE_STANDARD = gnu11;
				GCC_DYNAMIC_NO_PIC = NO;
				GCC_NO_COMMON_BLOCKS = YES;
				GCC_OPTIMIZATION_LEVEL = 0;
				GCC_PREPROCESSOR_DEFINITIONS = (
					"DEBUG=1",
					"$(inherited)",
				);
				GCC_WARN_64_TO_32_BIT_CONVERSION = YES;
				GCC_WARN_ABOUT_RETURN_TYPE = YES_ERROR;
				GCC_WARN_UNDECLARED_SELECTOR = YES;
				GCC_WARN_UNINITIALIZED_AUTOS = YES_AGGRESSIVE;
				GCC_WARN_UNUSED_FUNCTION = YES;
				GCC_WARN_UNUSED_VARIABLE = YES;
				IPHONEOS_DEPLOYMENT_TARGET = 16.4;
				MTL_ENABLE_DEBUG_INFO = INCLUDE_SOURCE;
				MTL_FAST_MATH = YES;
				ONLY_ACTIVE_ARCH = YES;
				SDKROOT = iphoneos;
				SWIFT_ACTIVE_COMPILATION_CONDITIONS = DEBUG;
				SWIFT_OPTIMIZATION_LEVEL = "-Onone";
			};
			name = Debug;
		};
		3D8EE9FF2AE1998900360BCA /* Release */ = {
			isa = XCBuildConfiguration;
			buildSettings = {
				ALWAYS_SEARCH_USER_PATHS = NO;
				CLANG_ANALYZER_NONNULL = YES;
				CLANG_ANALYZER_NUMBER_OBJECT_CONVERSION = YES_AGGRESSIVE;
				CLANG_CXX_LANGUAGE_STANDARD = "gnu++20";
				CLANG_ENABLE_MODULES = YES;
				CLANG_ENABLE_OBJC_ARC = YES;
				CLANG_ENABLE_OBJC_WEAK = YES;
				CLANG_WARN_BLOCK_CAPTURE_AUTORELEASING = YES;
				CLANG_WARN_BOOL_CONVERSION = YES;
				CLANG_WARN_COMMA = YES;
				CLANG_WARN_CONSTANT_CONVERSION = YES;
				CLANG_WARN_DEPRECATED_OBJC_IMPLEMENTATIONS = YES;
				CLANG_WARN_DIRECT_OBJC_ISA_USAGE = YES_ERROR;
				CLANG_WARN_DOCUMENTATION_COMMENTS = YES;
				CLANG_WARN_EMPTY_BODY = YES;
				CLANG_WARN_ENUM_CONVERSION = YES;
				CLANG_WARN_INFINITE_RECURSION = YES;
				CLANG_WARN_INT_CONVERSION = YES;
				CLANG_WARN_NON_LITERAL_NULL_CONVERSION = YES;
				CLANG_WARN_OBJC_IMPLICIT_RETAIN_SELF = YES;
				CLANG_WARN_OBJC_LITERAL_CONVERSION = YES;
				CLANG_WARN_OBJC_ROOT_CLASS = YES_ERROR;
				CLANG_WARN_QUOTED_INCLUDE_IN_FRAMEWORK_HEADER = YES;
				CLANG_WARN_RANGE_LOOP_ANALYSIS = YES;
				CLANG_WARN_STRICT_PROTOTYPES = YES;
				CLANG_WARN_SUSPICIOUS_MOVE = YES;
				CLANG_WARN_UNGUARDED_AVAILABILITY = YES_AGGRESSIVE;
				CLANG_WARN_UNREACHABLE_CODE = YES;
				CLANG_WARN__DUPLICATE_METHOD_MATCH = YES;
				COPY_PHASE_STRIP = NO;
				DEBUG_INFORMATION_FORMAT = "dwarf-with-dsym";
				ENABLE_NS_ASSERTIONS = NO;
				ENABLE_STRICT_OBJC_MSGSEND = YES;
				GCC_C_LANGUAGE_STANDARD = gnu11;
				GCC_NO_COMMON_BLOCKS = YES;
				GCC_WARN_64_TO_32_BIT_CONVERSION = YES;
				GCC_WARN_ABOUT_RETURN_TYPE = YES_ERROR;
				GCC_WARN_UNDECLARED_SELECTOR = YES;
				GCC_WARN_UNINITIALIZED_AUTOS = YES_AGGRESSIVE;
				GCC_WARN_UNUSED_FUNCTION = YES;
				GCC_WARN_UNUSED_VARIABLE = YES;
				IPHONEOS_DEPLOYMENT_TARGET = 16.4;
				MTL_ENABLE_DEBUG_INFO = NO;
				MTL_FAST_MATH = YES;
				SDKROOT = iphoneos;
				SWIFT_COMPILATION_MODE = wholemodule;
				SWIFT_OPTIMIZATION_LEVEL = "-O";
				VALIDATE_PRODUCT = YES;
			};
			name = Release;
		};
		3D8EEA012AE1998900360BCA /* Debug */ = {
			isa = XCBuildConfiguration;
			buildSettings = {
				ASSETCATALOG_COMPILER_APPICON_NAME = AppIcon;
				ASSETCATALOG_COMPILER_GLOBAL_ACCENT_COLOR_NAME = AccentColor;
				CODE_SIGN_STYLE = Automatic;
				CURRENT_PROJECT_VERSION = 1;
				GENERATE_INFOPLIST_FILE = YES;
				INFOPLIST_FILE = AnumoluShoppingApp/Info.plist;
				INFOPLIST_KEY_UIApplicationSupportsIndirectInputEvents = YES;
				INFOPLIST_KEY_UILaunchStoryboardName = LaunchScreen;
				INFOPLIST_KEY_UIMainStoryboardFile = Main;
				INFOPLIST_KEY_UISupportedInterfaceOrientations_iPad = "UIInterfaceOrientationPortrait UIInterfaceOrientationPortraitUpsideDown UIInterfaceOrientationLandscapeLeft UIInterfaceOrientationLandscapeRight";
				INFOPLIST_KEY_UISupportedInterfaceOrientations_iPhone = "UIInterfaceOrientationPortrait UIInterfaceOrientationLandscapeLeft UIInterfaceOrientationLandscapeRight";
				LD_RUNPATH_SEARCH_PATHS = (
					"$(inherited)",
					"@executable_path/Frameworks",
				);
				MARKETING_VERSION = 1.0;
				PRODUCT_BUNDLE_IDENTIFIER = edu.nwmissouri.fall23.cs44643.AnumoluShoppingApp;
				PRODUCT_NAME = "$(TARGET_NAME)";
				SWIFT_EMIT_LOC_STRINGS = YES;
				SWIFT_VERSION = 5.0;
				TARGETED_DEVICE_FAMILY = "1,2";
			};
			name = Debug;
		};
		3D8EEA022AE1998900360BCA /* Release */ = {
			isa = XCBuildConfiguration;
			buildSettings = {
				ASSETCATALOG_COMPILER_APPICON_NAME = AppIcon;
				ASSETCATALOG_COMPILER_GLOBAL_ACCENT_COLOR_NAME = AccentColor;
				CODE_SIGN_STYLE = Automatic;
				CURRENT_PROJECT_VERSION = 1;
				GENERATE_INFOPLIST_FILE = YES;
				INFOPLIST_FILE = AnumoluShoppingApp/Info.plist;
				INFOPLIST_KEY_UIApplicationSupportsIndirectInputEvents = YES;
				INFOPLIST_KEY_UILaunchStoryboardName = LaunchScreen;
				INFOPLIST_KEY_UIMainStoryboardFile = Main;
				INFOPLIST_KEY_UISupportedInterfaceOrientations_iPad = "UIInterfaceOrientationPortrait UIInterfaceOrientationPortraitUpsideDown UIInterfaceOrientationLandscapeLeft UIInterfaceOrientationLandscapeRight";
				INFOPLIST_KEY_UISupportedInterfaceOrientations_iPhone = "UIInterfaceOrientationPortrait UIInterfaceOrientationLandscapeLeft UIInterfaceOrientationLandscapeRight";
				LD_RUNPATH_SEARCH_PATHS = (
					"$(inherited)",
					"@executable_path/Frameworks",
				);
				MARKETING_VERSION = 1.0;
				PRODUCT_BUNDLE_IDENTIFIER = edu.nwmissouri.fall23.cs44643.AnumoluShoppingApp;
				PRODUCT_NAME = "$(TARGET_NAME)";
				SWIFT_EMIT_LOC_STRINGS = YES;
				SWIFT_VERSION = 5.0;
				TARGETED_DEVICE_FAMILY = "1,2";
			};
			name = Release;
		};
		3D8EEA042AE1998900360BCA /* Debug */ = {
			isa = XCBuildConfiguration;
			buildSettings = {
				ALWAYS_EMBED_SWIFT_STANDARD_LIBRARIES = YES;
				BUNDLE_LOADER = "$(TEST_HOST)";
				CODE_SIGN_STYLE = Automatic;
				CURRENT_PROJECT_VERSION = 1;
				GENERATE_INFOPLIST_FILE = YES;
				IPHONEOS_DEPLOYMENT_TARGET = 16.4;
				MARKETING_VERSION = 1.0;
				PRODUCT_BUNDLE_IDENTIFIER = edu.nwmissouri.fall23.cs44643.AnumoluShoppingAppTests;
				PRODUCT_NAME = "$(TARGET_NAME)";
				SWIFT_EMIT_LOC_STRINGS = NO;
				SWIFT_VERSION = 5.0;
				TARGETED_DEVICE_FAMILY = "1,2";
				TEST_HOST = "$(BUILT_PRODUCTS_DIR)/AnumoluShoppingApp.app/$(BUNDLE_EXECUTABLE_FOLDER_PATH)/AnumoluShoppingApp";
			};
			name = Debug;
		};
		3D8EEA052AE1998900360BCA /* Release */ = {
			isa = XCBuildConfiguration;
			buildSettings = {
				ALWAYS_EMBED_SWIFT_STANDARD_LIBRARIES = YES;
				BUNDLE_LOADER = "$(TEST_HOST)";
				CODE_SIGN_STYLE = Automatic;
				CURRENT_PROJECT_VERSION = 1;
				GENERATE_INFOPLIST_FILE = YES;
				IPHONEOS_DEPLOYMENT_TARGET = 16.4;
				MARKETING_VERSION = 1.0;
				PRODUCT_BUNDLE_IDENTIFIER = edu.nwmissouri.fall23.cs44643.AnumoluShoppingAppTests;
				PRODUCT_NAME = "$(TARGET_NAME)";
				SWIFT_EMIT_LOC_STRINGS = NO;
				SWIFT_VERSION = 5.0;
				TARGETED_DEVICE_FAMILY = "1,2";
				TEST_HOST = "$(BUILT_PRODUCTS_DIR)/AnumoluShoppingApp.app/$(BUNDLE_EXECUTABLE_FOLDER_PATH)/AnumoluShoppingApp";
			};
			name = Release;
		};
		3D8EEA072AE1998900360BCA /* Debug */ = {
			isa = XCBuildConfiguration;
			buildSettings = {
				ALWAYS_EMBED_SWIFT_STANDARD_LIBRARIES = YES;
				CODE_SIGN_STYLE = Automatic;
				CURRENT_PROJECT_VERSION = 1;
				GENERATE_INFOPLIST_FILE = YES;
				MARKETING_VERSION = 1.0;
				PRODUCT_BUNDLE_IDENTIFIER = edu.nwmissouri.fall23.cs44643.AnumoluShoppingAppUITests;
				PRODUCT_NAME = "$(TARGET_NAME)";
				SWIFT_EMIT_LOC_STRINGS = NO;
				SWIFT_VERSION = 5.0;
				TARGETED_DEVICE_FAMILY = "1,2";
				TEST_TARGET_NAME = AnumoluShoppingApp;
			};
			name = Debug;
		};
		3D8EEA082AE1998900360BCA /* Release */ = {
			isa = XCBuildConfiguration;
			buildSettings = {
				ALWAYS_EMBED_SWIFT_STANDARD_LIBRARIES = YES;
				CODE_SIGN_STYLE = Automatic;
				CURRENT_PROJECT_VERSION = 1;
				GENERATE_INFOPLIST_FILE = YES;
				MARKETING_VERSION = 1.0;
				PRODUCT_BUNDLE_IDENTIFIER = edu.nwmissouri.fall23.cs44643.AnumoluShoppingAppUITests;
				PRODUCT_NAME = "$(TARGET_NAME)";
				SWIFT_EMIT_LOC_STRINGS = NO;
				SWIFT_VERSION = 5.0;
				TARGETED_DEVICE_FAMILY = "1,2";
				TEST_TARGET_NAME = AnumoluShoppingApp;
			};
			name = Release;
		};
/* End XCBuildConfiguration section */

/* Begin XCConfigurationList section */
		3D8EE9D12AE1998700360BCA /* Build configuration list for PBXProject "AnumoluShoppingApp" */ = {
			isa = XCConfigurationList;
			buildConfigurations = (
				3D8EE9FE2AE1998900360BCA /* Debug */,
				3D8EE9FF2AE1998900360BCA /* Release */,
			);
			defaultConfigurationIsVisible = 0;
			defaultConfigurationName = Release;
		};
		3D8EEA002AE1998900360BCA /* Build configuration list for PBXNativeTarget "AnumoluShoppingApp" */ = {
			isa = XCConfigurationList;
			buildConfigurations = (
				3D8EEA012AE1998900360BCA /* Debug */,
				3D8EEA022AE1998900360BCA /* Release */,
			);
			defaultConfigurationIsVisible = 0;
			defaultConfigurationName = Release;
		};
		3D8EEA032AE1998900360BCA /* Build configuration list for PBXNativeTarget "AnumoluShoppingAppTests" */ = {
			isa = XCConfigurationList;
			buildConfigurations = (
				3D8EEA042AE1998900360BCA /* Debug */,
				3D8EEA052AE1998900360BCA /* Release */,
			);
			defaultConfigurationIsVisible = 0;
			defaultConfigurationName = Release;
		};
		3D8EEA062AE1998900360BCA /* Build configuration list for PBXNativeTarget "AnumoluShoppingAppUITests" */ = {
			isa = XCConfigurationList;
			buildConfigurations = (
				3D8EEA072AE1998900360BCA /* Debug */,
				3D8EEA082AE1998900360BCA /* Release */,
			);
			defaultConfigurationIsVisible = 0;
			defaultConfigurationName = Release;
		};
/* End XCConfigurationList section */

/* Begin XCRemoteSwiftPackageReference section */
		3D8EEA132AE9F63C00360BCA /* XCRemoteSwiftPackageReference "AnimatedGradientView" */ = {
			isa = XCRemoteSwiftPackageReference;
			repositoryURL = "https://github.com/rwbutler/AnimatedGradientView.git";
			requirement = {
				kind = upToNextMajorVersion;
				minimumVersion = 3.0.0;
			};
		};
		3D8EEA162AE9F66300360BCA /* XCRemoteSwiftPackageReference "lottie-ios" */ = {
			isa = XCRemoteSwiftPackageReference;
			repositoryURL = "https://github.com/airbnb/lottie-ios.git";
			requirement = {
				kind = upToNextMajorVersion;
				minimumVersion = 4.0.0;
			};
		};
/* End XCRemoteSwiftPackageReference section */

/* Begin XCSwiftPackageProductDependency section */
		3D8EEA142AE9F63C00360BCA /* AnimatedGradientView */ = {
			isa = XCSwiftPackageProductDependency;
			package = 3D8EEA132AE9F63C00360BCA /* XCRemoteSwiftPackageReference "AnimatedGradientView" */;
			productName = AnimatedGradientView;
		};
		3D8EEA172AE9F66300360BCA /* Lottie */ = {
			isa = XCSwiftPackageProductDependency;
			package = 3D8EEA162AE9F66300360BCA /* XCRemoteSwiftPackageReference "lottie-ios" */;
			productName = Lottie;
		};
/* End XCSwiftPackageProductDependency section */
	};
	rootObject = 3D8EE9CE2AE1998700360BCA /* Project object */;
}
